
Microsoft Visual Studio Solution File, Format Version 12.00
# Visual Studio Version 17
VisualStudioVersion = 17.7.34031.279
MinimumVisualStudioVersion = 10.0.40219.1
Project("{FAE04EC0-301F-11D3-BF4B-00C04F79EFBC}") = "Jlink_Tool", "Jlink_Tool\Jlink_Tool.csproj", "{3D22A04A-D320-4538-A54A-2605F3DB32DE}"
EndProject
Global
	GlobalSection(SolutionConfigurationPlatforms) = preSolution
		Debug|Any CPU = Debug|Any CPU
		Release|Any CPU = Release|Any CPU
	EndGlobalSection
	GlobalSection(ProjectConfigurationPlatforms) = postSolution
		{3D22A04A-D320-4538-A54A-2605F3DB32DE}.Debug|Any CPU.ActiveCfg = Debug|Any CPU
		{3D22A04A-D320-4538-A54A-2605F3DB32DE}.Debug|Any CPU.Build.0 = Debug|Any CPU
		{3D22A04A-D320-4538-A54A-2605F3DB32DE}.Release|Any CPU.ActiveCfg = Release|Any CPU
		{3D22A04A-D320-4538-A54A-2605F3DB32DE}.Release|Any CPU.Build.0 = Release|Any CPU
	EndGlobalSection
	GlobalSection(SolutionProperties) = preSolution
		HideSolutionNode = FALSE
	EndGlobalSection
	GlobalSection(ExtensibilityGlobals) = postSolution
		SolutionGuid = {765A80D9-1673-4889-95BB-E132B2765568}
	EndGlobalSection
EndGlobal
